
Microsoft Visual Studio Solution File, Format Version 12.00
# Visual Studio Version 17
VisualStudioVersion = 17.2.32630.192
MinimumVisualStudioVersion = 10.0.40219.1
Project("{FAE04EC0-301F-11D3-BF4B-00C04F79EFBC}") = "Calculator1", "Calculator1\Calculator1.csproj", "{43E35C5C-0BA9-4873-8CF9-DB264AEB9BA4}"
EndProject
Project("{FAE04EC0-301F-11D3-BF4B-00C04F79EFBC}") = "Calculator2", "Calculator2\Calculator2.csproj", "{1059C84E-0420-49E4-A0FF-22A83AEBE028}"
EndProject
Global
	GlobalSection(SolutionConfigurationPlatforms) = preSolution
		Debug|Any CPU = Debug|Any CPU
		Release|Any CPU = Release|Any CPU
	EndGlobalSection
	GlobalSection(ProjectConfigurationPlatforms) = postSolution
		{43E35C5C-0BA9-4873-8CF9-DB264AEB9BA4}.Debug|Any CPU.ActiveCfg = Debug|Any CPU
		{43E35C5C-0BA9-4873-8CF9-DB264AEB9BA4}.Debug|Any CPU.Build.0 = Debug|Any CPU
		{43E35C5C-0BA9-4873-8CF9-DB264AEB9BA4}.Release|Any CPU.ActiveCfg = Release|Any CPU
		{43E35C5C-0BA9-4873-8CF9-DB264AEB9BA4}.Release|Any CPU.Build.0 = Release|Any CPU
		{1059C84E-0420-49E4-A0FF-22A83AEBE028}.Debug|Any CPU.ActiveCfg = Debug|Any CPU
		{1059C84E-0420-49E4-A0FF-22A83AEBE028}.Debug|Any CPU.Build.0 = Debug|Any CPU
		{1059C84E-0420-49E4-A0FF-22A83AEBE028}.Release|Any CPU.ActiveCfg = Release|Any CPU
		{1059C84E-0420-49E4-A0FF-22A83AEBE028}.Release|Any CPU.Build.0 = Release|Any CPU
	EndGlobalSection
	GlobalSection(SolutionProperties) = preSolution
		HideSolutionNode = FALSE
	EndGlobalSection
	GlobalSection(ExtensibilityGlobals) = postSolution
		SolutionGuid = {A5B6C2A0-FA20-4F73-93B7-197742775EDC}
	EndGlobalSection
EndGlobal
